
Microsoft Visual Studio Solution File, Format Version 12.00
# Visual Studio Version 17
VisualStudioVersion = 17.4.32916.344
MinimumVisualStudioVersion = 10.0.40219.1
Project("{FAE04EC0-301F-11D3-BF4B-00C04F79EFBC}") = "SwabianChallenge", "SwabianChallenge.csproj", "{92F331D9-2F35-4AB6-8507-8FD26087EA34}"
EndProject
Global
	GlobalSection(SolutionConfigurationPlatforms) = preSolution
		Debug|Any CPU = Debug|Any CPU
		Release|Any CPU = Release|Any CPU
	EndGlobalSection
	GlobalSection(ProjectConfigurationPlatforms) = postSolution
		{92F331D9-2F35-4AB6-8507-8FD26087EA34}.Debug|Any CPU.ActiveCfg = Debug|Any CPU
		{92F331D9-2F35-4AB6-8507-8FD26087EA34}.Debug|Any CPU.Build.0 = Debug|Any CPU
		{92F331D9-2F35-4AB6-8507-8FD26087EA34}.Release|Any CPU.ActiveCfg = Release|Any CPU
		{92F331D9-2F35-4AB6-8507-8FD26087EA34}.Release|Any CPU.Build.0 = Release|Any CPU
	EndGlobalSection
	GlobalSection(SolutionProperties) = preSolution
		HideSolutionNode = FALSE
	EndGlobalSection
	GlobalSection(ExtensibilityGlobals) = postSolution
		SolutionGuid = {F6BC354C-793B-4ADF-8E45-03997B357ACD}
	EndGlobalSection
EndGlobal
